
Microsoft Visual Studio Solution File, Format Version 12.00
# Visual Studio Version 17
VisualStudioVersion = 17.6.33829.357
MinimumVisualStudioVersion = 10.0.40219.1
Project("{FAE04EC0-301F-11D3-BF4B-00C04F79EFBC}") = "NecroLink", "NecroLink.csproj", "{84FA11C1-F232-4076-88AC-2FC5C9548FBC}"
EndProject
Global
	GlobalSection(SolutionConfigurationPlatforms) = preSolution
		Debug|Any CPU = Debug|Any CPU
		Release|Any CPU = Release|Any CPU
	EndGlobalSection
	GlobalSection(ProjectConfigurationPlatforms) = postSolution
		{84FA11C1-F232-4076-88AC-2FC5C9548FBC}.Debug|Any CPU.ActiveCfg = Debug|Any CPU
		{84FA11C1-F232-4076-88AC-2FC5C9548FBC}.Debug|Any CPU.Build.0 = Debug|Any CPU
		{84FA11C1-F232-4076-88AC-2FC5C9548FBC}.Release|Any CPU.ActiveCfg = Release|Any CPU
		{84FA11C1-F232-4076-88AC-2FC5C9548FBC}.Release|Any CPU.Build.0 = Release|Any CPU
	EndGlobalSection
	GlobalSection(SolutionProperties) = preSolution
		HideSolutionNode = FALSE
	EndGlobalSection
	GlobalSection(ExtensibilityGlobals) = postSolution
		SolutionGuid = {AD9D4B11-C872-445A-9AE5-056375122312}
	EndGlobalSection
EndGlobal
